
Microsoft Visual Studio Solution File, Format Version 12.00
# Visual Studio Version 16
VisualStudioVersion = 16.0.31019.35
MinimumVisualStudioVersion = 10.0.40219.1
Project("{FAE04EC0-301F-11D3-BF4B-00C04F79EFBC}") = "PWA_TEST", "PWA_TEST\PWA_TEST.csproj", "{42A6C85C-D4C5-45A4-BE5F-DCA30AA93239}"
EndProject
Global
	GlobalSection(SolutionConfigurationPlatforms) = preSolution
		Debug|Any CPU = Debug|Any CPU
		Release|Any CPU = Release|Any CPU
	EndGlobalSection
	GlobalSection(ProjectConfigurationPlatforms) = postSolution
		{42A6C85C-D4C5-45A4-BE5F-DCA30AA93239}.Debug|Any CPU.ActiveCfg = Debug|Any CPU
		{42A6C85C-D4C5-45A4-BE5F-DCA30AA93239}.Debug|Any CPU.Build.0 = Debug|Any CPU
		{42A6C85C-D4C5-45A4-BE5F-DCA30AA93239}.Release|Any CPU.ActiveCfg = Release|Any CPU
		{42A6C85C-D4C5-45A4-BE5F-DCA30AA93239}.Release|Any CPU.Build.0 = Release|Any CPU
	EndGlobalSection
	GlobalSection(SolutionProperties) = preSolution
		HideSolutionNode = FALSE
	EndGlobalSection
	GlobalSection(ExtensibilityGlobals) = postSolution
		SolutionGuid = {528A2D86-C63F-4A98-B9F8-FF931006AEC7}
	EndGlobalSection
EndGlobal
